
Microsoft Visual Studio Solution File, Format Version 12.00
# Visual Studio Version 16
VisualStudioVersion = 16.0.29613.14
MinimumVisualStudioVersion = 10.0.40219.1
Project("{FAE04EC0-301F-11D3-BF4B-00C04F79EFBC}") = "Practice_March2020", "Practice_March2020.csproj", "{0797C070-F117-4627-ABBA-96A87D47F9ED}"
EndProject
Global
	GlobalSection(SolutionConfigurationPlatforms) = preSolution
		Debug|Any CPU = Debug|Any CPU
		Release|Any CPU = Release|Any CPU
	EndGlobalSection
	GlobalSection(ProjectConfigurationPlatforms) = postSolution
		{0797C070-F117-4627-ABBA-96A87D47F9ED}.Debug|Any CPU.ActiveCfg = Debug|Any CPU
		{0797C070-F117-4627-ABBA-96A87D47F9ED}.Debug|Any CPU.Build.0 = Debug|Any CPU
		{0797C070-F117-4627-ABBA-96A87D47F9ED}.Release|Any CPU.ActiveCfg = Release|Any CPU
		{0797C070-F117-4627-ABBA-96A87D47F9ED}.Release|Any CPU.Build.0 = Release|Any CPU
	EndGlobalSection
	GlobalSection(SolutionProperties) = preSolution
		HideSolutionNode = FALSE
	EndGlobalSection
	GlobalSection(ExtensibilityGlobals) = postSolution
		SolutionGuid = {DDBD0253-9E17-4DE8-8F47-5838EFC57BCE}
	EndGlobalSection
EndGlobal
